
Microsoft Visual Studio Solution File, Format Version 12.00
# Visual Studio Version 17
VisualStudioVersion = 17.8.34511.84
MinimumVisualStudioVersion = 10.0.40219.1
Project("{FAE04EC0-301F-11D3-BF4B-00C04F79EFBC}") = "Select", "Select\Select.csproj", "{AFF81D6E-8474-4C3B-BDBE-08529FF35577}"
EndProject
Global
	GlobalSection(SolutionConfigurationPlatforms) = preSolution
		Debug|Any CPU = Debug|Any CPU
		Release|Any CPU = Release|Any CPU
	EndGlobalSection
	GlobalSection(ProjectConfigurationPlatforms) = postSolution
		{AFF81D6E-8474-4C3B-BDBE-08529FF35577}.Debug|Any CPU.ActiveCfg = Debug|Any CPU
		{AFF81D6E-8474-4C3B-BDBE-08529FF35577}.Debug|Any CPU.Build.0 = Debug|Any CPU
		{AFF81D6E-8474-4C3B-BDBE-08529FF35577}.Release|Any CPU.ActiveCfg = Release|Any CPU
		{AFF81D6E-8474-4C3B-BDBE-08529FF35577}.Release|Any CPU.Build.0 = Release|Any CPU
	EndGlobalSection
	GlobalSection(SolutionProperties) = preSolution
		HideSolutionNode = FALSE
	EndGlobalSection
	GlobalSection(ExtensibilityGlobals) = postSolution
		SolutionGuid = {4DD1F550-9F00-463A-A285-049A680EF936}
	EndGlobalSection
EndGlobal
